{
  "name": "iotaproxy",
  "version": "1.0.0",
  "lockfileVersion": 1,
  "requires": true,
  "dependencies": {
    "ffi": {
      "version": "file:node-ffi",
      "requires": {
        "bindings": "1.2.1",
        "debug": "2.6.9",
        "nan": "2.7.0",
        "ref": "1.3.5",
        "ref-struct": "1.1.0"
      },
      "dependencies": {
        "array-index": {
          "version": "1.0.0",
          "bundled": true,
          "requires": {
            "debug": "2.6.9",
            "es6-symbol": "3.1.1"
          }
        },
        "bindings": {
          "version": "1.2.1",
          "bundled": true
        },
        "d": {
          "version": "1.0.0",
          "bundled": true,
          "requires": {
            "es5-ext": "0.10.31"
          }
        },
        "debug": {
          "version": "2.6.9",
          "bundled": true,
          "requires": {
            "ms": "2.0.0"
          }
        },
        "es5-ext": {
          "version": "0.10.31",
          "bundled": true,
          "requires": {
            "es6-iterator": "2.0.1",
            "es6-symbol": "3.1.1"
          }
        },
        "es6-iterator": {
          "version": "2.0.1",
          "bundled": true,
          "requires": {
            "d": "1.0.0",
            "es5-ext": "0.10.31",
            "es6-symbol": "3.1.1"
          }
        },
        "es6-symbol": {
          "version": "3.1.1",
          "bundled": true,
          "requires": {
            "d": "1.0.0",
            "es5-ext": "0.10.31"
          }
        },
        "fs-extra": {
          "version": "0.23.1",
          "bundled": true,
          "requires": {
            "graceful-fs": "4.1.11",
            "jsonfile": "2.4.0",
            "rimraf": "2.6.2"
          }
        },
        "graceful-fs": {
          "version": "4.1.11",
          "bundled": true
        },
        "jsonfile": {
          "version": "2.4.0",
          "bundled": true,
          "requires": {
            "graceful-fs": "4.1.11"
          }
        },
        "ms": {
          "version": "2.0.0",
          "bundled": true
        },
        "nan": {
          "version": "2.7.0",
          "bundled": true
        },
        "ref": {
          "version": "1.3.5",
          "bundled": true,
          "requires": {
            "bindings": "1.2.1",
            "debug": "2.6.9",
            "nan": "2.7.0"
          }
        },
        "ref-array": {
          "version": "1.2.0",
          "bundled": true,
          "requires": {
            "array-index": "1.0.0",
            "debug": "2.6.9",
            "ref": "1.3.5"
          }
        },
        "ref-struct": {
          "version": "1.1.0",
          "bundled": true,
          "requires": {
            "debug": "2.6.9",
            "ref": "1.3.5"
          }
        },
        "rimraf": {
          "version": "2.6.2",
          "bundled": true
        }
      }
    }
  }
}
